
Microsoft Visual Studio Solution File, Format Version 12.00
# Visual Studio Version 16
VisualStudioVersion = 16.0.30011.22
MinimumVisualStudioVersion = 10.0.40219.1
Project("{FAE04EC0-301F-11D3-BF4B-00C04F79EFBC}") = "GitHub and VS", "GitHub and VS\GitHub and VS.csproj", "{7285D56E-E77C-497C-BE5A-5C861CF71EB5}"
EndProject
Global
	GlobalSection(SolutionConfigurationPlatforms) = preSolution
		Debug|Any CPU = Debug|Any CPU
		Release|Any CPU = Release|Any CPU
	EndGlobalSection
	GlobalSection(ProjectConfigurationPlatforms) = postSolution
		{7285D56E-E77C-497C-BE5A-5C861CF71EB5}.Debug|Any CPU.ActiveCfg = Debug|Any CPU
		{7285D56E-E77C-497C-BE5A-5C861CF71EB5}.Debug|Any CPU.Build.0 = Debug|Any CPU
		{7285D56E-E77C-497C-BE5A-5C861CF71EB5}.Release|Any CPU.ActiveCfg = Release|Any CPU
		{7285D56E-E77C-497C-BE5A-5C861CF71EB5}.Release|Any CPU.Build.0 = Release|Any CPU
	EndGlobalSection
	GlobalSection(SolutionProperties) = preSolution
		HideSolutionNode = FALSE
	EndGlobalSection
	GlobalSection(ExtensibilityGlobals) = postSolution
		SolutionGuid = {494EC2BA-2A40-41BD-A6FD-C6EFE015CEFB}
	EndGlobalSection
EndGlobal
